// !$*UTF8*$!
{
	archiveVersion = 1;
	classes = {
	};
	objectVersion = 56;
	objects = {

/* Begin PBXBuildFile section */
		09BF88032B6AF77F0055F851 /* ProjectsTableView.swift in Sources */ = {isa = PBXBuildFile; fileRef = 09BF88022B6AF77F0055F851 /* ProjectsTableView.swift */; };
		09BF88052B6AF7CF0055F851 /* ProjectView.swift in Sources */ = {isa = PBXBuildFile; fileRef = 09BF88042B6AF7CF0055F851 /* ProjectView.swift */; };
		09BF88072B6AF92F0055F851 /* ProjectModel.swift in Sources */ = {isa = PBXBuildFile; fileRef = 09BF88062B6AF92F0055F851 /* ProjectModel.swift */; };
		09BF88092B6B0B410055F851 /* ProjectDetailView.swift in Sources */ = {isa = PBXBuildFile; fileRef = 09BF88082B6B0B410055F851 /* ProjectDetailView.swift */; };
		09BF880C2B6D9DFB0055F851 /* ProjectData.swift in Sources */ = {isa = PBXBuildFile; fileRef = 09BF880B2B6D9DFB0055F851 /* ProjectData.swift */; };
		09BF88122B6DB4930055F851 /* Pacifico-Regular.ttf in Resources */ = {isa = PBXBuildFile; fileRef = 09BF88112B6DB4930055F851 /* Pacifico-Regular.ttf */; };
		09E84DB92B64ABA700E378CD /* GauravCardApp.swift in Sources */ = {isa = PBXBuildFile; fileRef = 09E84DB82B64ABA700E378CD /* GauravCardApp.swift */; };
		09E84DBB2B64ABA700E378CD /* ContentView.swift in Sources */ = {isa = PBXBuildFile; fileRef = 09E84DBA2B64ABA700E378CD /* ContentView.swift */; };
		09E84DBD2B64ABA900E378CD /* Assets.xcassets in Resources */ = {isa = PBXBuildFile; fileRef = 09E84DBC2B64ABA900E378CD /* Assets.xcassets */; };
		09E84DC02B64ABA900E378CD /* Preview Assets.xcassets in Resources */ = {isa = PBXBuildFile; fileRef = 09E84DBF2B64ABA900E378CD /* Preview Assets.xcassets */; };
		09E84DCA2B64D78300E378CD /* InfoView.swift in Sources */ = {isa = PBXBuildFile; fileRef = 09E84DC92B64D78300E378CD /* InfoView.swift */; };
/* End PBXBuildFile section */

/* Begin PBXFileReference section */
		09BF88022B6AF77F0055F851 /* ProjectsTableView.swift */ = {isa = PBXFileReference; lastKnownFileType = sourcecode.swift; path = ProjectsTableView.swift; sourceTree = "<group>"; };
		09BF88042B6AF7CF0055F851 /* ProjectView.swift */ = {isa = PBXFileReference; lastKnownFileType = sourcecode.swift; path = ProjectView.swift; sourceTree = "<group>"; };
		09BF88062B6AF92F0055F851 /* ProjectModel.swift */ = {isa = PBXFileReference; lastKnownFileType = sourcecode.swift; path = ProjectModel.swift; sourceTree = "<group>"; };
		09BF88082B6B0B410055F851 /* ProjectDetailView.swift */ = {isa = PBXFileReference; lastKnownFileType = sourcecode.swift; path = ProjectDetailView.swift; sourceTree = "<group>"; };
		09BF880B2B6D9DFB0055F851 /* ProjectData.swift */ = {isa = PBXFileReference; lastKnownFileType = sourcecode.swift; path = ProjectData.swift; sourceTree = "<group>"; };
		09BF88112B6DB4930055F851 /* Pacifico-Regular.ttf */ = {isa = PBXFileReference; lastKnownFileType = file; path = "Pacifico-Regular.ttf"; sourceTree = "<group>"; };
		09E84DB52B64ABA700E378CD /* GauravCard.app */ = {isa = PBXFileReference; explicitFileType = wrapper.application; includeInIndex = 0; path = GauravCard.app; sourceTree = BUILT_PRODUCTS_DIR; };
		09E84DB82B64ABA700E378CD /* GauravCardApp.swift */ = {isa = PBXFileReference; lastKnownFileType = sourcecode.swift; path = GauravCardApp.swift; sourceTree = "<group>"; };
		09E84DBA2B64ABA700E378CD /* ContentView.swift */ = {isa = PBXFileReference; lastKnownFileType = sourcecode.swift; path = ContentView.swift; sourceTree = "<group>"; };
		09E84DBC2B64ABA900E378CD /* Assets.xcassets */ = {isa = PBXFileReference; lastKnownFileType = folder.assetcatalog; path = Assets.xcassets; sourceTree = "<group>"; };
		09E84DBF2B64ABA900E378CD /* Preview Assets.xcassets */ = {isa = PBXFileReference; lastKnownFileType = folder.assetcatalog; path = "Preview Assets.xcassets"; sourceTree = "<group>"; };
		09E84DC82B64B0DD00E378CD /* Info.plist */ = {isa = PBXFileReference; lastKnownFileType = text.plist; path = Info.plist; sourceTree = "<group>"; };
		09E84DC92B64D78300E378CD /* InfoView.swift */ = {isa = PBXFileReference; lastKnownFileType = sourcecode.swift; path = InfoView.swift; sourceTree = "<group>"; };
/* End PBXFileReference section */

/* Begin PBXFrameworksBuildPhase section */
		09E84DB22B64ABA700E378CD /* Frameworks */ = {
			isa = PBXFrameworksBuildPhase;
			buildActionMask = 2147483647;
			files = (
			);
			runOnlyForDeploymentPostprocessing = 0;
		};
/* End PBXFrameworksBuildPhase section */

/* Begin PBXGroup section */
		09BF880A2B6D9DE80055F851 /* Model */ = {
			isa = PBXGroup;
			children = (
				09BF88062B6AF92F0055F851 /* ProjectModel.swift */,
				09BF880B2B6D9DFB0055F851 /* ProjectData.swift */,
			);
			path = Model;
			sourceTree = "<group>";
		};
		09BF880D2B6D9E370055F851 /* View */ = {
			isa = PBXGroup;
			children = (
				09E84DBA2B64ABA700E378CD /* ContentView.swift */,
				09BF88082B6B0B410055F851 /* ProjectDetailView.swift */,
			);
			path = View;
			sourceTree = "<group>";
		};
		09BF880E2B6DA20D0055F851 /* ViewModel */ = {
			isa = PBXGroup;
			children = (
				09BF88022B6AF77F0055F851 /* ProjectsTableView.swift */,
				09BF88042B6AF7CF0055F851 /* ProjectView.swift */,
			);
			path = ViewModel;
			sourceTree = "<group>";
		};
		09BF88102B6DB4590055F851 /* Fonts */ = {
			isa = PBXGroup;
			children = (
				09BF88112B6DB4930055F851 /* Pacifico-Regular.ttf */,
			);
			path = Fonts;
			sourceTree = "<group>";
		};
		09E84DAC2B64ABA600E378CD = {
			isa = PBXGroup;
			children = (
				09E84DB72B64ABA700E378CD /* GauravCard */,
				09E84DB62B64ABA700E378CD /* Products */,
			);
			sourceTree = "<group>";
		};
		09E84DB62B64ABA700E378CD /* Products */ = {
			isa = PBXGroup;
			children = (
				09E84DB52B64ABA700E378CD /* GauravCard.app */,
			);
			name = Products;
			sourceTree = "<group>";
		};
		09E84DB72B64ABA700E378CD /* GauravCard */ = {
			isa = PBXGroup;
			children = (
				09E84DC82B64B0DD00E378CD /* Info.plist */,
				09E84DB82B64ABA700E378CD /* GauravCardApp.swift */,
				09BF88102B6DB4590055F851 /* Fonts */,
				09BF880A2B6D9DE80055F851 /* Model */,
				09BF880E2B6DA20D0055F851 /* ViewModel */,
				09BF880D2B6D9E370055F851 /* View */,
				09E84DC92B64D78300E378CD /* InfoView.swift */,
				09E84DBC2B64ABA900E378CD /* Assets.xcassets */,
				09E84DBE2B64ABA900E378CD /* Preview Content */,
			);
			path = GauravCard;
			sourceTree = "<group>";
		};
		09E84DBE2B64ABA900E378CD /* Preview Content */ = {
			isa = PBXGroup;
			children = (
				09E84DBF2B64ABA900E378CD /* Preview Assets.xcassets */,
			);
			path = "Preview Content";
			sourceTree = "<group>";
		};
/* End PBXGroup section */

/* Begin PBXNativeTarget section */
		09E84DB42B64ABA700E378CD /* GauravCard */ = {
			isa = PBXNativeTarget;
			buildConfigurationList = 09E84DC32B64ABA900E378CD /* Build configuration list for PBXNativeTarget "GauravCard" */;
			buildPhases = (
				09E84DB12B64ABA700E378CD /* Sources */,
				09E84DB22B64ABA700E378CD /* Frameworks */,
				09E84DB32B64ABA700E378CD /* Resources */,
			);
			buildRules = (
			);
			dependencies = (
			);
			name = GauravCard;
			productName = GauravCard;
			productReference = 09E84DB52B64ABA700E378CD /* GauravCard.app */;
			productType = "com.apple.product-type.application";
		};
/* End PBXNativeTarget section */

/* Begin PBXProject section */
		09E84DAD2B64ABA600E378CD /* Project object */ = {
			isa = PBXProject;
			attributes = {
				BuildIndependentTargetsInParallel = 1;
				LastSwiftUpdateCheck = 1520;
				LastUpgradeCheck = 1520;
				TargetAttributes = {
					09E84DB42B64ABA700E378CD = {
						CreatedOnToolsVersion = 15.2;
					};
				};
			};
			buildConfigurationList = 09E84DB02B64ABA600E378CD /* Build configuration list for PBXProject "GauravCard" */;
			compatibilityVersion = "Xcode 14.0";
			developmentRegion = en;
			hasScannedForEncodings = 0;
			knownRegions = (
				en,
				Base,
			);
			mainGroup = 09E84DAC2B64ABA600E378CD;
			productRefGroup = 09E84DB62B64ABA700E378CD /* Products */;
			projectDirPath = "";
			projectRoot = "";
			targets = (
				09E84DB42B64ABA700E378CD /* GauravCard */,
			);
		};
/* End PBXProject section */

/* Begin PBXResourcesBuildPhase section */
		09E84DB32B64ABA700E378CD /* Resources */ = {
			isa = PBXResourcesBuildPhase;
			buildActionMask = 2147483647;
			files = (
				09BF88122B6DB4930055F851 /* Pacifico-Regular.ttf in Resources */,
				09E84DC02B64ABA900E378CD /* Preview Assets.xcassets in Resources */,
				09E84DBD2B64ABA900E378CD /* Assets.xcassets in Resources */,
			);
			runOnlyForDeploymentPostprocessing = 0;
		};
/* End PBXResourcesBuildPhase section */

/* Begin PBXSourcesBuildPhase section */
		09E84DB12B64ABA700E378CD /* Sources */ = {
			isa = PBXSourcesBuildPhase;
			buildActionMask = 2147483647;
			files = (
				09E84DBB2B64ABA700E378CD /* ContentView.swift in Sources */,
				09E84DCA2B64D78300E378CD /* InfoView.swift in Sources */,
				09BF88052B6AF7CF0055F851 /* ProjectView.swift in Sources */,
				09E84DB92B64ABA700E378CD /* GauravCardApp.swift in Sources */,
				09BF88032B6AF77F0055F851 /* ProjectsTableView.swift in Sources */,
				09BF880C2B6D9DFB0055F851 /* ProjectData.swift in Sources */,
				09BF88072B6AF92F0055F851 /* ProjectModel.swift in Sources */,
				09BF88092B6B0B410055F851 /* ProjectDetailView.swift in Sources */,
			);
			runOnlyForDeploymentPostprocessing = 0;
		};
/* End PBXSourcesBuildPhase section */

/* Begin XCBuildConfiguration section */
		09E84DC12B64ABA900E378CD /* Debug */ = {
			isa = XCBuildConfiguration;
			buildSettings = {
				ALWAYS_SEARCH_USER_PATHS = NO;
				ASSETCATALOG_COMPILER_GENERATE_SWIFT_ASSET_SYMBOL_EXTENSIONS = YES;
				CLANG_ANALYZER_NONNULL = YES;
				CLANG_ANALYZER_NUMBER_OBJECT_CONVERSION = YES_AGGRESSIVE;
				CLANG_CXX_LANGUAGE_STANDARD = "gnu++20";
				CLANG_ENABLE_MODULES = YES;
				CLANG_ENABLE_OBJC_ARC = YES;
				CLANG_ENABLE_OBJC_WEAK = YES;
				CLANG_WARN_BLOCK_CAPTURE_AUTORELEASING = YES;
				CLANG_WARN_BOOL_CONVERSION = YES;
				CLANG_WARN_COMMA = YES;
				CLANG_WARN_CONSTANT_CONVERSION = YES;
				CLANG_WARN_DEPRECATED_OBJC_IMPLEMENTATIONS = YES;
				CLANG_WARN_DIRECT_OBJC_ISA_USAGE = YES_ERROR;
				CLANG_WARN_DOCUMENTATION_COMMENTS = YES;
				CLANG_WARN_EMPTY_BODY = YES;
				CLANG_WARN_ENUM_CONVERSION = YES;
				CLANG_WARN_INFINITE_RECURSION = YES;
				CLANG_WARN_INT_CONVERSION = YES;
				CLANG_WARN_NON_LITERAL_NULL_CONVERSION = YES;
				CLANG_WARN_OBJC_IMPLICIT_RETAIN_SELF = YES;
				CLANG_WARN_OBJC_LITERAL_CONVERSION = YES;
				CLANG_WARN_OBJC_ROOT_CLASS = YES_ERROR;
				CLANG_WARN_QUOTED_INCLUDE_IN_FRAMEWORK_HEADER = YES;
				CLANG_WARN_RANGE_LOOP_ANALYSIS = YES;
				CLANG_WARN_STRICT_PROTOTYPES = YES;
				CLANG_WARN_SUSPICIOUS_MOVE = YES;
				CLANG_WARN_UNGUARDED_AVAILABILITY = YES_AGGRESSIVE;
				CLANG_WARN_UNREACHABLE_CODE = YES;
				CLANG_WARN__DUPLICATE_METHOD_MATCH = YES;
				COPY_PHASE_STRIP = NO;
				DEBUG_INFORMATION_FORMAT = dwarf;
				ENABLE_STRICT_OBJC_MSGSEND = YES;
				ENABLE_TESTABILITY = YES;
				ENABLE_USER_SCRIPT_SANDBOXING = YES;
				GCC_C_LANGUAGE_STANDARD = gnu17;
				GCC_DYNAMIC_NO_PIC = NO;
				GCC_NO_COMMON_BLOCKS = YES;
				GCC_OPTIMIZATION_LEVEL = 0;
				GCC_PREPROCESSOR_DEFINITIONS = (
					"DEBUG=1",
					"$(inherited)",
				);
				GCC_WARN_64_TO_32_BIT_CONVERSION = YES;
				GCC_WARN_ABOUT_RETURN_TYPE = YES_ERROR;
				GCC_WARN_UNDECLARED_SELECTOR = YES;
				GCC_WARN_UNINITIALIZED_AUTOS = YES_AGGRESSIVE;
				GCC_WARN_UNUSED_FUNCTION = YES;
				GCC_WARN_UNUSED_VARIABLE = YES;
				IPHONEOS_DEPLOYMENT_TARGET = 17.2;
				LOCALIZATION_PREFERS_STRING_CATALOGS = YES;
				MTL_ENABLE_DEBUG_INFO = INCLUDE_SOURCE;
				MTL_FAST_MATH = YES;
				ONLY_ACTIVE_ARCH = YES;
				SDKROOT = iphoneos;
				SWIFT_ACTIVE_COMPILATION_CONDITIONS = "DEBUG $(inherited)";
				SWIFT_OPTIMIZATION_LEVEL = "-Onone";
			};
			name = Debug;
		};
		09E84DC22B64ABA900E378CD /* Release */ = {
			isa = XCBuildConfiguration;
			buildSettings = {
				ALWAYS_SEARCH_USER_PATHS = NO;
				ASSETCATALOG_COMPILER_GENERATE_SWIFT_ASSET_SYMBOL_EXTENSIONS = YES;
				CLANG_ANALYZER_NONNULL = YES;
				CLANG_ANALYZER_NUMBER_OBJECT_CONVERSION = YES_AGGRESSIVE;
				CLANG_CXX_LANGUAGE_STANDARD = "gnu++20";
				CLANG_ENABLE_MODULES = YES;
				CLANG_ENABLE_OBJC_ARC = YES;
				CLANG_ENABLE_OBJC_WEAK = YES;
				CLANG_WARN_BLOCK_CAPTURE_AUTORELEASING = YES;
				CLANG_WARN_BOOL_CONVERSION = YES;
				CLANG_WARN_COMMA = YES;
				CLANG_WARN_CONSTANT_CONVERSION = YES;
				CLANG_WARN_DEPRECATED_OBJC_IMPLEMENTATIONS = YES;
				CLANG_WARN_DIRECT_OBJC_ISA_USAGE = YES_ERROR;
				CLANG_WARN_DOCUMENTATION_COMMENTS = YES;
				CLANG_WARN_EMPTY_BODY = YES;
				CLANG_WARN_ENUM_CONVERSION = YES;
				CLANG_WARN_INFINITE_RECURSION = YES;
				CLANG_WARN_INT_CONVERSION = YES;
				CLANG_WARN_NON_LITERAL_NULL_CONVERSION = YES;
				CLANG_WARN_OBJC_IMPLICIT_RETAIN_SELF = YES;
				CLANG_WARN_OBJC_LITERAL_CONVERSION = YES;
				CLANG_WARN_OBJC_ROOT_CLASS = YES_ERROR;
				CLANG_WARN_QUOTED_INCLUDE_IN_FRAMEWORK_HEADER = YES;
				CLANG_WARN_RANGE_LOOP_ANALYSIS = YES;
				CLANG_WARN_STRICT_PROTOTYPES = YES;
				CLANG_WARN_SUSPICIOUS_MOVE = YES;
				CLANG_WARN_UNGUARDED_AVAILABILITY = YES_AGGRESSIVE;
				CLANG_WARN_UNREACHABLE_CODE = YES;
				CLANG_WARN__DUPLICATE_METHOD_MATCH = YES;
				COPY_PHASE_STRIP = NO;
				DEBUG_INFORMATION_FORMAT = "dwarf-with-dsym";
				ENABLE_NS_ASSERTIONS = NO;
				ENABLE_STRICT_OBJC_MSGSEND = YES;
				ENABLE_USER_SCRIPT_SANDBOXING = YES;
				GCC_C_LANGUAGE_STANDARD = gnu17;
				GCC_NO_COMMON_BLOCKS = YES;
				GCC_WARN_64_TO_32_BIT_CONVERSION = YES;
				GCC_WARN_ABOUT_RETURN_TYPE = YES_ERROR;
				GCC_WARN_UNDECLARED_SELECTOR = YES;
				GCC_WARN_UNINITIALIZED_AUTOS = YES_AGGRESSIVE;
				GCC_WARN_UNUSED_FUNCTION = YES;
				GCC_WARN_UNUSED_VARIABLE = YES;
				IPHONEOS_DEPLOYMENT_TARGET = 17.2;
				LOCALIZATION_PREFERS_STRING_CATALOGS = YES;
				MTL_ENABLE_DEBUG_INFO = NO;
				MTL_FAST_MATH = YES;
				SDKROOT = iphoneos;
				SWIFT_COMPILATION_MODE = wholemodule;
				VALIDATE_PRODUCT = YES;
			};
			name = Release;
		};
		09E84DC42B64ABA900E378CD /* Debug */ = {
			isa = XCBuildConfiguration;
			buildSettings = {
				ASSETCATALOG_COMPILER_APPICON_NAME = AppIcon;
				ASSETCATALOG_COMPILER_GLOBAL_ACCENT_COLOR_NAME = AccentColor;
				CODE_SIGN_STYLE = Automatic;
				CURRENT_PROJECT_VERSION = 1;
				DEVELOPMENT_ASSET_PATHS = "\"GauravCard/Preview Content\"";
				DEVELOPMENT_TEAM = MG35RT5N6W;
				ENABLE_PREVIEWS = YES;
				GENERATE_INFOPLIST_FILE = YES;
				INFOPLIST_FILE = GauravCard/Info.plist;
				INFOPLIST_KEY_UIApplicationSceneManifest_Generation = YES;
				INFOPLIST_KEY_UIApplicationSupportsIndirectInputEvents = YES;
				INFOPLIST_KEY_UILaunchScreen_Generation = YES;
				INFOPLIST_KEY_UISupportedInterfaceOrientations_iPad = "UIInterfaceOrientationPortrait UIInterfaceOrientationPortraitUpsideDown UIInterfaceOrientationLandscapeLeft UIInterfaceOrientationLandscapeRight";
				INFOPLIST_KEY_UISupportedInterfaceOrientations_iPhone = "UIInterfaceOrientationPortrait UIInterfaceOrientationLandscapeLeft UIInterfaceOrientationLandscapeRight";
				LD_RUNPATH_SEARCH_PATHS = (
					"$(inherited)",
					"@executable_path/Frameworks",
				);
				MARKETING_VERSION = 1.0;
				PRODUCT_BUNDLE_IDENTIFIER = com.vimaga.GauravCard;
				PRODUCT_NAME = "$(TARGET_NAME)";
				SWIFT_EMIT_LOC_STRINGS = YES;
				SWIFT_VERSION = 5.0;
				TARGETED_DEVICE_FAMILY = "1,2";
			};
			name = Debug;
		};
		09E84DC52B64ABA900E378CD /* Release */ = {
			isa = XCBuildConfiguration;
			buildSettings = {
				ASSETCATALOG_COMPILER_APPICON_NAME = AppIcon;
				ASSETCATALOG_COMPILER_GLOBAL_ACCENT_COLOR_NAME = AccentColor;
				CODE_SIGN_STYLE = Automatic;
				CURRENT_PROJECT_VERSION = 1;
				DEVELOPMENT_ASSET_PATHS = "\"GauravCard/Preview Content\"";
				DEVELOPMENT_TEAM = MG35RT5N6W;
				ENABLE_PREVIEWS = YES;
				GENERATE_INFOPLIST_FILE = YES;
				INFOPLIST_FILE = GauravCard/Info.plist;
				INFOPLIST_KEY_UIApplicationSceneManifest_Generation = YES;
				INFOPLIST_KEY_UIApplicationSupportsIndirectInputEvents = YES;
				INFOPLIST_KEY_UILaunchScreen_Generation = YES;
				INFOPLIST_KEY_UISupportedInterfaceOrientations_iPad = "UIInterfaceOrientationPortrait UIInterfaceOrientationPortraitUpsideDown UIInterfaceOrientationLandscapeLeft UIInterfaceOrientationLandscapeRight";
				INFOPLIST_KEY_UISupportedInterfaceOrientations_iPhone = "UIInterfaceOrientationPortrait UIInterfaceOrientationLandscapeLeft UIInterfaceOrientationLandscapeRight";
				LD_RUNPATH_SEARCH_PATHS = (
					"$(inherited)",
					"@executable_path/Frameworks",
				);
				MARKETING_VERSION = 1.0;
				PRODUCT_BUNDLE_IDENTIFIER = com.vimaga.GauravCard;
				PRODUCT_NAME = "$(TARGET_NAME)";
				SWIFT_EMIT_LOC_STRINGS = YES;
				SWIFT_VERSION = 5.0;
				TARGETED_DEVICE_FAMILY = "1,2";
			};
			name = Release;
		};
/* End XCBuildConfiguration section */

/* Begin XCConfigurationList section */
		09E84DB02B64ABA600E378CD /* Build configuration list for PBXProject "GauravCard" */ = {
			isa = XCConfigurationList;
			buildConfigurations = (
				09E84DC12B64ABA900E378CD /* Debug */,
				09E84DC22B64ABA900E378CD /* Release */,
			);
			defaultConfigurationIsVisible = 0;
			defaultConfigurationName = Release;
		};
		09E84DC32B64ABA900E378CD /* Build configuration list for PBXNativeTarget "GauravCard" */ = {
			isa = XCConfigurationList;
			buildConfigurations = (
				09E84DC42B64ABA900E378CD /* Debug */,
				09E84DC52B64ABA900E378CD /* Release */,
			);
			defaultConfigurationIsVisible = 0;
			defaultConfigurationName = Release;
		};
/* End XCConfigurationList section */
	};
	rootObject = 09E84DAD2B64ABA600E378CD /* Project object */;
}
